
Microsoft Visual Studio Solution File, Format Version 12.00
# Visual Studio Version 17
VisualStudioVersion = 17.9.34714.143
MinimumVisualStudioVersion = 10.0.40219.1
Project("{FAE04EC0-301F-11D3-BF4B-00C04F79EFBC}") = "RareCrewC#Project", "RareCrewC#Project\RareCrewC#Project.csproj", "{F3CAF7A5-1AB0-4991-9BCB-62A2D2422039}"
EndProject
Global
	GlobalSection(SolutionConfigurationPlatforms) = preSolution
		Debug|Any CPU = Debug|Any CPU
		Release|Any CPU = Release|Any CPU
	EndGlobalSection
	GlobalSection(ProjectConfigurationPlatforms) = postSolution
		{F3CAF7A5-1AB0-4991-9BCB-62A2D2422039}.Debug|Any CPU.ActiveCfg = Debug|Any CPU
		{F3CAF7A5-1AB0-4991-9BCB-62A2D2422039}.Debug|Any CPU.Build.0 = Debug|Any CPU
		{F3CAF7A5-1AB0-4991-9BCB-62A2D2422039}.Release|Any CPU.ActiveCfg = Release|Any CPU
		{F3CAF7A5-1AB0-4991-9BCB-62A2D2422039}.Release|Any CPU.Build.0 = Release|Any CPU
	EndGlobalSection
	GlobalSection(SolutionProperties) = preSolution
		HideSolutionNode = FALSE
	EndGlobalSection
	GlobalSection(ExtensibilityGlobals) = postSolution
		SolutionGuid = {9F71535C-B117-406F-8CD8-0FC837E0F767}
	EndGlobalSection
EndGlobal
